
Microsoft Visual Studio Solution File, Format Version 12.00
# Visual Studio 15
VisualStudioVersion = 15.0.28307.852
MinimumVisualStudioVersion = 10.0.40219.1
Project("{FAE04EC0-301F-11D3-BF4B-00C04F79EFBC}") = "Camera.Image.Renamer", "Camera.Image.Renamer.csproj", "{A2C9E08E-375B-4F34-80A0-0E539A6EC2E5}"
EndProject
Global
	GlobalSection(SolutionConfigurationPlatforms) = preSolution
		Debug|Any CPU = Debug|Any CPU
		Release|Any CPU = Release|Any CPU
	EndGlobalSection
	GlobalSection(ProjectConfigurationPlatforms) = postSolution
		{A2C9E08E-375B-4F34-80A0-0E539A6EC2E5}.Debug|Any CPU.ActiveCfg = Debug|Any CPU
		{A2C9E08E-375B-4F34-80A0-0E539A6EC2E5}.Debug|Any CPU.Build.0 = Debug|Any CPU
		{A2C9E08E-375B-4F34-80A0-0E539A6EC2E5}.Release|Any CPU.ActiveCfg = Release|Any CPU
		{A2C9E08E-375B-4F34-80A0-0E539A6EC2E5}.Release|Any CPU.Build.0 = Release|Any CPU
	EndGlobalSection
	GlobalSection(SolutionProperties) = preSolution
		HideSolutionNode = FALSE
	EndGlobalSection
	GlobalSection(ExtensibilityGlobals) = postSolution
		SolutionGuid = {B32260B4-9C05-4B5F-A83F-17E9E3D9D2ED}
	EndGlobalSection
EndGlobal
